// !$*UTF8*$!
{
	archiveVersion = 1;
	classes = {
	};
	objectVersion = 55;
	objects = {

/* Begin PBXBuildFile section */
		3F5A1700270C73D100098EE3 /* AppDelegate.swift in Sources */ = {isa = PBXBuildFile; fileRef = 3F5A16FF270C73D100098EE3 /* AppDelegate.swift */; };
		3F5A1702270C73D100098EE3 /* SceneDelegate.swift in Sources */ = {isa = PBXBuildFile; fileRef = 3F5A1701270C73D100098EE3 /* SceneDelegate.swift */; };
		3F5A1707270C73D100098EE3 /* Main.storyboard in Resources */ = {isa = PBXBuildFile; fileRef = 3F5A1705270C73D100098EE3 /* Main.storyboard */; };
		3F5A1709270C73D800098EE3 /* Assets.xcassets in Resources */ = {isa = PBXBuildFile; fileRef = 3F5A1708270C73D800098EE3 /* Assets.xcassets */; };
		3F5A170C270C73D800098EE3 /* LaunchScreen.storyboard in Resources */ = {isa = PBXBuildFile; fileRef = 3F5A170A270C73D800098EE3 /* LaunchScreen.storyboard */; };
		3F5A1717270C73D900098EE3 /* todo_appTests.swift in Sources */ = {isa = PBXBuildFile; fileRef = 3F5A1716270C73D900098EE3 /* todo_appTests.swift */; };
		3F5A1721270C73D900098EE3 /* todo_appUITests.swift in Sources */ = {isa = PBXBuildFile; fileRef = 3F5A1720270C73D900098EE3 /* todo_appUITests.swift */; };
		3F5A1723270C73D900098EE3 /* todo_appUITestsLaunchTests.swift in Sources */ = {isa = PBXBuildFile; fileRef = 3F5A1722270C73D900098EE3 /* todo_appUITestsLaunchTests.swift */; };
		3F5A1730270C7C4200098EE3 /* TableViewController.swift in Sources */ = {isa = PBXBuildFile; fileRef = 3F5A172F270C7C4200098EE3 /* TableViewController.swift */; };
		3FA6D8BF2718B71500749242 /* ApiRequest.swift in Sources */ = {isa = PBXBuildFile; fileRef = 3FA6D8BE2718B71500749242 /* ApiRequest.swift */; };
		3FAD552527143F3000E3CC42 /* Todo.swift in Sources */ = {isa = PBXBuildFile; fileRef = 3FAD552427143F3000E3CC42 /* Todo.swift */; };
		3FBE81632716D04F00A4A35B /* DataView.swift in Sources */ = {isa = PBXBuildFile; fileRef = 3FBE81622716D04F00A4A35B /* DataView.swift */; };
		3FBE81652716D78500A4A35B /* AddTodoViewController.swift in Sources */ = {isa = PBXBuildFile; fileRef = 3FBE81642716D78500A4A35B /* AddTodoViewController.swift */; };
		3FBE81672716FDDB00A4A35B /* NavViewController.swift in Sources */ = {isa = PBXBuildFile; fileRef = 3FBE81662716FDDA00A4A35B /* NavViewController.swift */; };
/* End PBXBuildFile section */

/* Begin PBXContainerItemProxy section */
		3F5A1713270C73D900098EE3 /* PBXContainerItemProxy */ = {
			isa = PBXContainerItemProxy;
			containerPortal = 3F5A16F4270C73D000098EE3 /* Project object */;
			proxyType = 1;
			remoteGlobalIDString = 3F5A16FB270C73D000098EE3;
			remoteInfo = "todo-app";
		};
		3F5A171D270C73D900098EE3 /* PBXContainerItemProxy */ = {
			isa = PBXContainerItemProxy;
			containerPortal = 3F5A16F4270C73D000098EE3 /* Project object */;
			proxyType = 1;
			remoteGlobalIDString = 3F5A16FB270C73D000098EE3;
			remoteInfo = "todo-app";
		};
/* End PBXContainerItemProxy section */

/* Begin PBXFileReference section */
		3F5A16FC270C73D000098EE3 /* todo-app.app */ = {isa = PBXFileReference; explicitFileType = wrapper.application; includeInIndex = 0; path = "todo-app.app"; sourceTree = BUILT_PRODUCTS_DIR; };
		3F5A16FF270C73D100098EE3 /* AppDelegate.swift */ = {isa = PBXFileReference; lastKnownFileType = sourcecode.swift; path = AppDelegate.swift; sourceTree = "<group>"; };
		3F5A1701270C73D100098EE3 /* SceneDelegate.swift */ = {isa = PBXFileReference; lastKnownFileType = sourcecode.swift; path = SceneDelegate.swift; sourceTree = "<group>"; };
		3F5A1706270C73D100098EE3 /* Base */ = {isa = PBXFileReference; lastKnownFileType = file.storyboard; name = Base; path = Base.lproj/Main.storyboard; sourceTree = "<group>"; };
		3F5A1708270C73D800098EE3 /* Assets.xcassets */ = {isa = PBXFileReference; lastKnownFileType = folder.assetcatalog; path = Assets.xcassets; sourceTree = "<group>"; };
		3F5A170B270C73D800098EE3 /* Base */ = {isa = PBXFileReference; lastKnownFileType = file.storyboard; name = Base; path = Base.lproj/LaunchScreen.storyboard; sourceTree = "<group>"; };
		3F5A170D270C73D800098EE3 /* Info.plist */ = {isa = PBXFileReference; lastKnownFileType = text.plist.xml; path = Info.plist; sourceTree = "<group>"; };
		3F5A1712270C73D900098EE3 /* todo-appTests.xctest */ = {isa = PBXFileReference; explicitFileType = wrapper.cfbundle; includeInIndex = 0; path = "todo-appTests.xctest"; sourceTree = BUILT_PRODUCTS_DIR; };
		3F5A1716270C73D900098EE3 /* todo_appTests.swift */ = {isa = PBXFileReference; lastKnownFileType = sourcecode.swift; path = todo_appTests.swift; sourceTree = "<group>"; };
		3F5A171C270C73D900098EE3 /* todo-appUITests.xctest */ = {isa = PBXFileReference; explicitFileType = wrapper.cfbundle; includeInIndex = 0; path = "todo-appUITests.xctest"; sourceTree = BUILT_PRODUCTS_DIR; };
		3F5A1720270C73D900098EE3 /* todo_appUITests.swift */ = {isa = PBXFileReference; lastKnownFileType = sourcecode.swift; path = todo_appUITests.swift; sourceTree = "<group>"; };
		3F5A1722270C73D900098EE3 /* todo_appUITestsLaunchTests.swift */ = {isa = PBXFileReference; lastKnownFileType = sourcecode.swift; path = todo_appUITestsLaunchTests.swift; sourceTree = "<group>"; };
		3F5A172F270C7C4200098EE3 /* TableViewController.swift */ = {isa = PBXFileReference; lastKnownFileType = sourcecode.swift; path = TableViewController.swift; sourceTree = "<group>"; };
		3FA6D8BE2718B71500749242 /* ApiRequest.swift */ = {isa = PBXFileReference; lastKnownFileType = sourcecode.swift; path = ApiRequest.swift; sourceTree = "<group>"; };
		3FAD552427143F3000E3CC42 /* Todo.swift */ = {isa = PBXFileReference; lastKnownFileType = sourcecode.swift; path = Todo.swift; sourceTree = "<group>"; };
		3FBE81622716D04F00A4A35B /* DataView.swift */ = {isa = PBXFileReference; lastKnownFileType = sourcecode.swift; path = DataView.swift; sourceTree = "<group>"; };
		3FBE81642716D78500A4A35B /* AddTodoViewController.swift */ = {isa = PBXFileReference; lastKnownFileType = sourcecode.swift; path = AddTodoViewController.swift; sourceTree = "<group>"; };
		3FBE81662716FDDA00A4A35B /* NavViewController.swift */ = {isa = PBXFileReference; lastKnownFileType = sourcecode.swift; path = NavViewController.swift; sourceTree = "<group>"; };
/* End PBXFileReference section */

/* Begin PBXFrameworksBuildPhase section */
		3F5A16F9270C73D000098EE3 /* Frameworks */ = {
			isa = PBXFrameworksBuildPhase;
			buildActionMask = 2147483647;
			files = (
			);
			runOnlyForDeploymentPostprocessing = 0;
		};
		3F5A170F270C73D900098EE3 /* Frameworks */ = {
			isa = PBXFrameworksBuildPhase;
			buildActionMask = 2147483647;
			files = (
			);
			runOnlyForDeploymentPostprocessing = 0;
		};
		3F5A1719270C73D900098EE3 /* Frameworks */ = {
			isa = PBXFrameworksBuildPhase;
			buildActionMask = 2147483647;
			files = (
			);
			runOnlyForDeploymentPostprocessing = 0;
		};
/* End PBXFrameworksBuildPhase section */

/* Begin PBXGroup section */
		3F5A16F3270C73D000098EE3 = {
			isa = PBXGroup;
			children = (
				3F5A16FE270C73D100098EE3 /* todo-app */,
				3F5A1715270C73D900098EE3 /* todo-appTests */,
				3F5A171F270C73D900098EE3 /* todo-appUITests */,
				3F5A16FD270C73D000098EE3 /* Products */,
			);
			sourceTree = "<group>";
		};
		3F5A16FD270C73D000098EE3 /* Products */ = {
			isa = PBXGroup;
			children = (
				3F5A16FC270C73D000098EE3 /* todo-app.app */,
				3F5A1712270C73D900098EE3 /* todo-appTests.xctest */,
				3F5A171C270C73D900098EE3 /* todo-appUITests.xctest */,
			);
			name = Products;
			sourceTree = "<group>";
		};
		3F5A16FE270C73D100098EE3 /* todo-app */ = {
			isa = PBXGroup;
			children = (
				3FBE8169271714A500A4A35B /* Data Handlers */,
				3FBE81682717146500A4A35B /* View Controllers */,
				3F5A16FF270C73D100098EE3 /* AppDelegate.swift */,
				3F5A1701270C73D100098EE3 /* SceneDelegate.swift */,
				3F5A1705270C73D100098EE3 /* Main.storyboard */,
				3F5A1708270C73D800098EE3 /* Assets.xcassets */,
				3F5A170A270C73D800098EE3 /* LaunchScreen.storyboard */,
				3F5A170D270C73D800098EE3 /* Info.plist */,
			);
			path = "todo-app";
			sourceTree = "<group>";
		};
		3F5A1715270C73D900098EE3 /* todo-appTests */ = {
			isa = PBXGroup;
			children = (
				3F5A1716270C73D900098EE3 /* todo_appTests.swift */,
			);
			path = "todo-appTests";
			sourceTree = "<group>";
		};
		3F5A171F270C73D900098EE3 /* todo-appUITests */ = {
			isa = PBXGroup;
			children = (
				3F5A1720270C73D900098EE3 /* todo_appUITests.swift */,
				3F5A1722270C73D900098EE3 /* todo_appUITestsLaunchTests.swift */,
			);
			path = "todo-appUITests";
			sourceTree = "<group>";
		};
		3FBE81682717146500A4A35B /* View Controllers */ = {
			isa = PBXGroup;
			children = (
				3F5A172F270C7C4200098EE3 /* TableViewController.swift */,
				3FBE81642716D78500A4A35B /* AddTodoViewController.swift */,
				3FBE81662716FDDA00A4A35B /* NavViewController.swift */,
				3FBE81622716D04F00A4A35B /* DataView.swift */,
			);
			path = "View Controllers";
			sourceTree = "<group>";
		};
		3FBE8169271714A500A4A35B /* Data Handlers */ = {
			isa = PBXGroup;
			children = (
				3FAD552427143F3000E3CC42 /* Todo.swift */,
				3FA6D8BE2718B71500749242 /* ApiRequest.swift */,
			);
			path = "Data Handlers";
			sourceTree = "<group>";
		};
/* End PBXGroup section */

/* Begin PBXNativeTarget section */
		3F5A16FB270C73D000098EE3 /* todo-app */ = {
			isa = PBXNativeTarget;
			buildConfigurationList = 3F5A1726270C73D900098EE3 /* Build configuration list for PBXNativeTarget "todo-app" */;
			buildPhases = (
				3F5A16F8270C73D000098EE3 /* Sources */,
				3F5A16F9270C73D000098EE3 /* Frameworks */,
				3F5A16FA270C73D000098EE3 /* Resources */,
			);
			buildRules = (
			);
			dependencies = (
			);
			name = "todo-app";
			productName = "todo-app";
			productReference = 3F5A16FC270C73D000098EE3 /* todo-app.app */;
			productType = "com.apple.product-type.application";
		};
		3F5A1711270C73D900098EE3 /* todo-appTests */ = {
			isa = PBXNativeTarget;
			buildConfigurationList = 3F5A1729270C73D900098EE3 /* Build configuration list for PBXNativeTarget "todo-appTests" */;
			buildPhases = (
				3F5A170E270C73D900098EE3 /* Sources */,
				3F5A170F270C73D900098EE3 /* Frameworks */,
				3F5A1710270C73D900098EE3 /* Resources */,
			);
			buildRules = (
			);
			dependencies = (
				3F5A1714270C73D900098EE3 /* PBXTargetDependency */,
			);
			name = "todo-appTests";
			productName = "todo-appTests";
			productReference = 3F5A1712270C73D900098EE3 /* todo-appTests.xctest */;
			productType = "com.apple.product-type.bundle.unit-test";
		};
		3F5A171B270C73D900098EE3 /* todo-appUITests */ = {
			isa = PBXNativeTarget;
			buildConfigurationList = 3F5A172C270C73D900098EE3 /* Build configuration list for PBXNativeTarget "todo-appUITests" */;
			buildPhases = (
				3F5A1718270C73D900098EE3 /* Sources */,
				3F5A1719270C73D900098EE3 /* Frameworks */,
				3F5A171A270C73D900098EE3 /* Resources */,
			);
			buildRules = (
			);
			dependencies = (
				3F5A171E270C73D900098EE3 /* PBXTargetDependency */,
			);
			name = "todo-appUITests";
			productName = "todo-appUITests";
			productReference = 3F5A171C270C73D900098EE3 /* todo-appUITests.xctest */;
			productType = "com.apple.product-type.bundle.ui-testing";
		};
/* End PBXNativeTarget section */

/* Begin PBXProject section */
		3F5A16F4270C73D000098EE3 /* Project object */ = {
			isa = PBXProject;
			attributes = {
				BuildIndependentTargetsInParallel = 1;
				LastSwiftUpdateCheck = 1300;
				LastUpgradeCheck = 1300;
				TargetAttributes = {
					3F5A16FB270C73D000098EE3 = {
						CreatedOnToolsVersion = 13.0;
					};
					3F5A1711270C73D900098EE3 = {
						CreatedOnToolsVersion = 13.0;
						TestTargetID = 3F5A16FB270C73D000098EE3;
					};
					3F5A171B270C73D900098EE3 = {
						CreatedOnToolsVersion = 13.0;
						TestTargetID = 3F5A16FB270C73D000098EE3;
					};
				};
			};
			buildConfigurationList = 3F5A16F7270C73D000098EE3 /* Build configuration list for PBXProject "todo-app" */;
			compatibilityVersion = "Xcode 13.0";
			developmentRegion = en;
			hasScannedForEncodings = 0;
			knownRegions = (
				en,
				Base,
			);
			mainGroup = 3F5A16F3270C73D000098EE3;
			productRefGroup = 3F5A16FD270C73D000098EE3 /* Products */;
			projectDirPath = "";
			projectRoot = "";
			targets = (
				3F5A16FB270C73D000098EE3 /* todo-app */,
				3F5A1711270C73D900098EE3 /* todo-appTests */,
				3F5A171B270C73D900098EE3 /* todo-appUITests */,
			);
		};
/* End PBXProject section */

/* Begin PBXResourcesBuildPhase section */
		3F5A16FA270C73D000098EE3 /* Resources */ = {
			isa = PBXResourcesBuildPhase;
			buildActionMask = 2147483647;
			files = (
				3F5A170C270C73D800098EE3 /* LaunchScreen.storyboard in Resources */,
				3F5A1709270C73D800098EE3 /* Assets.xcassets in Resources */,
				3F5A1707270C73D100098EE3 /* Main.storyboard in Resources */,
			);
			runOnlyForDeploymentPostprocessing = 0;
		};
		3F5A1710270C73D900098EE3 /* Resources */ = {
			isa = PBXResourcesBuildPhase;
			buildActionMask = 2147483647;
			files = (
			);
			runOnlyForDeploymentPostprocessing = 0;
		};
		3F5A171A270C73D900098EE3 /* Resources */ = {
			isa = PBXResourcesBuildPhase;
			buildActionMask = 2147483647;
			files = (
			);
			runOnlyForDeploymentPostprocessing = 0;
		};
/* End PBXResourcesBuildPhase section */

/* Begin PBXSourcesBuildPhase section */
		3F5A16F8270C73D000098EE3 /* Sources */ = {
			isa = PBXSourcesBuildPhase;
			buildActionMask = 2147483647;
			files = (
				3F5A1700270C73D100098EE3 /* AppDelegate.swift in Sources */,
				3FBE81672716FDDB00A4A35B /* NavViewController.swift in Sources */,
				3F5A1702270C73D100098EE3 /* SceneDelegate.swift in Sources */,
				3F5A1730270C7C4200098EE3 /* TableViewController.swift in Sources */,
				3FBE81632716D04F00A4A35B /* DataView.swift in Sources */,
				3FBE81652716D78500A4A35B /* AddTodoViewController.swift in Sources */,
				3FA6D8BF2718B71500749242 /* ApiRequest.swift in Sources */,
				3FAD552527143F3000E3CC42 /* Todo.swift in Sources */,
			);
			runOnlyForDeploymentPostprocessing = 0;
		};
		3F5A170E270C73D900098EE3 /* Sources */ = {
			isa = PBXSourcesBuildPhase;
			buildActionMask = 2147483647;
			files = (
				3F5A1717270C73D900098EE3 /* todo_appTests.swift in Sources */,
			);
			runOnlyForDeploymentPostprocessing = 0;
		};
		3F5A1718270C73D900098EE3 /* Sources */ = {
			isa = PBXSourcesBuildPhase;
			buildActionMask = 2147483647;
			files = (
				3F5A1723270C73D900098EE3 /* todo_appUITestsLaunchTests.swift in Sources */,
				3F5A1721270C73D900098EE3 /* todo_appUITests.swift in Sources */,
			);
			runOnlyForDeploymentPostprocessing = 0;
		};
/* End PBXSourcesBuildPhase section */

/* Begin PBXTargetDependency section */
		3F5A1714270C73D900098EE3 /* PBXTargetDependency */ = {
			isa = PBXTargetDependency;
			target = 3F5A16FB270C73D000098EE3 /* todo-app */;
			targetProxy = 3F5A1713270C73D900098EE3 /* PBXContainerItemProxy */;
		};
		3F5A171E270C73D900098EE3 /* PBXTargetDependency */ = {
			isa = PBXTargetDependency;
			target = 3F5A16FB270C73D000098EE3 /* todo-app */;
			targetProxy = 3F5A171D270C73D900098EE3 /* PBXContainerItemProxy */;
		};
/* End PBXTargetDependency section */

/* Begin PBXVariantGroup section */
		3F5A1705270C73D100098EE3 /* Main.storyboard */ = {
			isa = PBXVariantGroup;
			children = (
				3F5A1706270C73D100098EE3 /* Base */,
			);
			name = Main.storyboard;
			sourceTree = "<group>";
		};
		3F5A170A270C73D800098EE3 /* LaunchScreen.storyboard */ = {
			isa = PBXVariantGroup;
			children = (
				3F5A170B270C73D800098EE3 /* Base */,
			);
			name = LaunchScreen.storyboard;
			sourceTree = "<group>";
		};
/* End PBXVariantGroup section */

/* Begin XCBuildConfiguration section */
		3F5A1724270C73D900098EE3 /* Debug */ = {
			isa = XCBuildConfiguration;
			buildSettings = {
				ALWAYS_SEARCH_USER_PATHS = NO;
				CLANG_ANALYZER_NONNULL = YES;
				CLANG_ANALYZER_NUMBER_OBJECT_CONVERSION = YES_AGGRESSIVE;
				CLANG_CXX_LANGUAGE_STANDARD = "gnu++17";
				CLANG_CXX_LIBRARY = "libc++";
				CLANG_ENABLE_MODULES = YES;
				CLANG_ENABLE_OBJC_ARC = YES;
				CLANG_ENABLE_OBJC_WEAK = YES;
				CLANG_WARN_BLOCK_CAPTURE_AUTORELEASING = YES;
				CLANG_WARN_BOOL_CONVERSION = YES;
				CLANG_WARN_COMMA = YES;
				CLANG_WARN_CONSTANT_CONVERSION = YES;
				CLANG_WARN_DEPRECATED_OBJC_IMPLEMENTATIONS = YES;
				CLANG_WARN_DIRECT_OBJC_ISA_USAGE = YES_ERROR;
				CLANG_WARN_DOCUMENTATION_COMMENTS = YES;
				CLANG_WARN_EMPTY_BODY = YES;
				CLANG_WARN_ENUM_CONVERSION = YES;
				CLANG_WARN_INFINITE_RECURSION = YES;
				CLANG_WARN_INT_CONVERSION = YES;
				CLANG_WARN_NON_LITERAL_NULL_CONVERSION = YES;
				CLANG_WARN_OBJC_IMPLICIT_RETAIN_SELF = YES;
				CLANG_WARN_OBJC_LITERAL_CONVERSION = YES;
				CLANG_WARN_OBJC_ROOT_CLASS = YES_ERROR;
				CLANG_WARN_QUOTED_INCLUDE_IN_FRAMEWORK_HEADER = YES;
				CLANG_WARN_RANGE_LOOP_ANALYSIS = YES;
				CLANG_WARN_STRICT_PROTOTYPES = YES;
				CLANG_WARN_SUSPICIOUS_MOVE = YES;
				CLANG_WARN_UNGUARDED_AVAILABILITY = YES_AGGRESSIVE;
				CLANG_WARN_UNREACHABLE_CODE = YES;
				CLANG_WARN__DUPLICATE_METHOD_MATCH = YES;
				COPY_PHASE_STRIP = NO;
				DEBUG_INFORMATION_FORMAT = dwarf;
				ENABLE_STRICT_OBJC_MSGSEND = YES;
				ENABLE_TESTABILITY = YES;
				GCC_C_LANGUAGE_STANDARD = gnu11;
				GCC_DYNAMIC_NO_PIC = NO;
				GCC_NO_COMMON_BLOCKS = YES;
				GCC_OPTIMIZATION_LEVEL = 0;
				GCC_PREPROCESSOR_DEFINITIONS = (
					"DEBUG=1",
					"$(inherited)",
				);
				GCC_WARN_64_TO_32_BIT_CONVERSION = YES;
				GCC_WARN_ABOUT_RETURN_TYPE = YES_ERROR;
				GCC_WARN_UNDECLARED_SELECTOR = YES;
				GCC_WARN_UNINITIALIZED_AUTOS = YES_AGGRESSIVE;
				GCC_WARN_UNUSED_FUNCTION = YES;
				GCC_WARN_UNUSED_VARIABLE = YES;
				IPHONEOS_DEPLOYMENT_TARGET = 15.0;
				MTL_ENABLE_DEBUG_INFO = INCLUDE_SOURCE;
				MTL_FAST_MATH = YES;
				ONLY_ACTIVE_ARCH = YES;
				SDKROOT = iphoneos;
				SWIFT_ACTIVE_COMPILATION_CONDITIONS = DEBUG;
				SWIFT_OPTIMIZATION_LEVEL = "-Onone";
			};
			name = Debug;
		};
		3F5A1725270C73D900098EE3 /* Release */ = {
			isa = XCBuildConfiguration;
			buildSettings = {
				ALWAYS_SEARCH_USER_PATHS = NO;
				CLANG_ANALYZER_NONNULL = YES;
				CLANG_ANALYZER_NUMBER_OBJECT_CONVERSION = YES_AGGRESSIVE;
				CLANG_CXX_LANGUAGE_STANDARD = "gnu++17";
				CLANG_CXX_LIBRARY = "libc++";
				CLANG_ENABLE_MODULES = YES;
				CLANG_ENABLE_OBJC_ARC = YES;
				CLANG_ENABLE_OBJC_WEAK = YES;
				CLANG_WARN_BLOCK_CAPTURE_AUTORELEASING = YES;
				CLANG_WARN_BOOL_CONVERSION = YES;
				CLANG_WARN_COMMA = YES;
				CLANG_WARN_CONSTANT_CONVERSION = YES;
				CLANG_WARN_DEPRECATED_OBJC_IMPLEMENTATIONS = YES;
				CLANG_WARN_DIRECT_OBJC_ISA_USAGE = YES_ERROR;
				CLANG_WARN_DOCUMENTATION_COMMENTS = YES;
				CLANG_WARN_EMPTY_BODY = YES;
				CLANG_WARN_ENUM_CONVERSION = YES;
				CLANG_WARN_INFINITE_RECURSION = YES;
				CLANG_WARN_INT_CONVERSION = YES;
				CLANG_WARN_NON_LITERAL_NULL_CONVERSION = YES;
				CLANG_WARN_OBJC_IMPLICIT_RETAIN_SELF = YES;
				CLANG_WARN_OBJC_LITERAL_CONVERSION = YES;
				CLANG_WARN_OBJC_ROOT_CLASS = YES_ERROR;
				CLANG_WARN_QUOTED_INCLUDE_IN_FRAMEWORK_HEADER = YES;
				CLANG_WARN_RANGE_LOOP_ANALYSIS = YES;
				CLANG_WARN_STRICT_PROTOTYPES = YES;
				CLANG_WARN_SUSPICIOUS_MOVE = YES;
				CLANG_WARN_UNGUARDED_AVAILABILITY = YES_AGGRESSIVE;
				CLANG_WARN_UNREACHABLE_CODE = YES;
				CLANG_WARN__DUPLICATE_METHOD_MATCH = YES;
				COPY_PHASE_STRIP = NO;
				DEBUG_INFORMATION_FORMAT = "dwarf-with-dsym";
				ENABLE_NS_ASSERTIONS = NO;
				ENABLE_STRICT_OBJC_MSGSEND = YES;
				GCC_C_LANGUAGE_STANDARD = gnu11;
				GCC_NO_COMMON_BLOCKS = YES;
				GCC_WARN_64_TO_32_BIT_CONVERSION = YES;
				GCC_WARN_ABOUT_RETURN_TYPE = YES_ERROR;
				GCC_WARN_UNDECLARED_SELECTOR = YES;
				GCC_WARN_UNINITIALIZED_AUTOS = YES_AGGRESSIVE;
				GCC_WARN_UNUSED_FUNCTION = YES;
				GCC_WARN_UNUSED_VARIABLE = YES;
				IPHONEOS_DEPLOYMENT_TARGET = 15.0;
				MTL_ENABLE_DEBUG_INFO = NO;
				MTL_FAST_MATH = YES;
				SDKROOT = iphoneos;
				SWIFT_COMPILATION_MODE = wholemodule;
				SWIFT_OPTIMIZATION_LEVEL = "-O";
				VALIDATE_PRODUCT = YES;
			};
			name = Release;
		};
		3F5A1727270C73D900098EE3 /* Debug */ = {
			isa = XCBuildConfiguration;
			buildSettings = {
				ASSETCATALOG_COMPILER_APPICON_NAME = AppIcon;
				ASSETCATALOG_COMPILER_GLOBAL_ACCENT_COLOR_NAME = AccentColor;
				CODE_SIGN_STYLE = Automatic;
				CURRENT_PROJECT_VERSION = 1;
				GENERATE_INFOPLIST_FILE = YES;
				INFOPLIST_FILE = "todo-app/Info.plist";
				INFOPLIST_KEY_UIApplicationSupportsIndirectInputEvents = YES;
				INFOPLIST_KEY_UILaunchStoryboardName = LaunchScreen;
				INFOPLIST_KEY_UIMainStoryboardFile = Main;
				INFOPLIST_KEY_UISupportedInterfaceOrientations_iPad = "UIInterfaceOrientationPortrait UIInterfaceOrientationPortraitUpsideDown UIInterfaceOrientationLandscapeLeft UIInterfaceOrientationLandscapeRight";
				INFOPLIST_KEY_UISupportedInterfaceOrientations_iPhone = "UIInterfaceOrientationPortrait UIInterfaceOrientationLandscapeLeft UIInterfaceOrientationLandscapeRight";
				LD_RUNPATH_SEARCH_PATHS = (
					"$(inherited)",
					"@executable_path/Frameworks",
				);
				MARKETING_VERSION = 1.0;
				PRODUCT_BUNDLE_IDENTIFIER = "mobile.todo-app";
				PRODUCT_NAME = "$(TARGET_NAME)";
				SWIFT_EMIT_LOC_STRINGS = YES;
				SWIFT_VERSION = 5.0;
				TARGETED_DEVICE_FAMILY = "1,2";
			};
			name = Debug;
		};
		3F5A1728270C73D900098EE3 /* Release */ = {
			isa = XCBuildConfiguration;
			buildSettings = {
				ASSETCATALOG_COMPILER_APPICON_NAME = AppIcon;
				ASSETCATALOG_COMPILER_GLOBAL_ACCENT_COLOR_NAME = AccentColor;
				CODE_SIGN_STYLE = Automatic;
				CURRENT_PROJECT_VERSION = 1;
				GENERATE_INFOPLIST_FILE = YES;
				INFOPLIST_FILE = "todo-app/Info.plist";
				INFOPLIST_KEY_UIApplicationSupportsIndirectInputEvents = YES;
				INFOPLIST_KEY_UILaunchStoryboardName = LaunchScreen;
				INFOPLIST_KEY_UIMainStoryboardFile = Main;
				INFOPLIST_KEY_UISupportedInterfaceOrientations_iPad = "UIInterfaceOrientationPortrait UIInterfaceOrientationPortraitUpsideDown UIInterfaceOrientationLandscapeLeft UIInterfaceOrientationLandscapeRight";
				INFOPLIST_KEY_UISupportedInterfaceOrientations_iPhone = "UIInterfaceOrientationPortrait UIInterfaceOrientationLandscapeLeft UIInterfaceOrientationLandscapeRight";
				LD_RUNPATH_SEARCH_PATHS = (
					"$(inherited)",
					"@executable_path/Frameworks",
				);
				MARKETING_VERSION = 1.0;
				PRODUCT_BUNDLE_IDENTIFIER = "mobile.todo-app";
				PRODUCT_NAME = "$(TARGET_NAME)";
				SWIFT_EMIT_LOC_STRINGS = YES;
				SWIFT_VERSION = 5.0;
				TARGETED_DEVICE_FAMILY = "1,2";
			};
			name = Release;
		};
		3F5A172A270C73D900098EE3 /* Debug */ = {
			isa = XCBuildConfiguration;
			buildSettings = {
				ALWAYS_EMBED_SWIFT_STANDARD_LIBRARIES = YES;
				BUNDLE_LOADER = "$(TEST_HOST)";
				CODE_SIGN_STYLE = Automatic;
				CURRENT_PROJECT_VERSION = 1;
				GENERATE_INFOPLIST_FILE = YES;
				IPHONEOS_DEPLOYMENT_TARGET = 15.0;
				LD_RUNPATH_SEARCH_PATHS = (
					"$(inherited)",
					"@executable_path/Frameworks",
					"@loader_path/Frameworks",
				);
				MARKETING_VERSION = 1.0;
				PRODUCT_BUNDLE_IDENTIFIER = "mobile.todo-appTests";
				PRODUCT_NAME = "$(TARGET_NAME)";
				SWIFT_EMIT_LOC_STRINGS = NO;
				SWIFT_VERSION = 5.0;
				TARGETED_DEVICE_FAMILY = "1,2";
				TEST_HOST = "$(BUILT_PRODUCTS_DIR)/todo-app.app/todo-app";
			};
			name = Debug;
		};
		3F5A172B270C73D900098EE3 /* Release */ = {
			isa = XCBuildConfiguration;
			buildSettings = {
				ALWAYS_EMBED_SWIFT_STANDARD_LIBRARIES = YES;
				BUNDLE_LOADER = "$(TEST_HOST)";
				CODE_SIGN_STYLE = Automatic;
				CURRENT_PROJECT_VERSION = 1;
				GENERATE_INFOPLIST_FILE = YES;
				IPHONEOS_DEPLOYMENT_TARGET = 15.0;
				LD_RUNPATH_SEARCH_PATHS = (
					"$(inherited)",
					"@executable_path/Frameworks",
					"@loader_path/Frameworks",
				);
				MARKETING_VERSION = 1.0;
				PRODUCT_BUNDLE_IDENTIFIER = "mobile.todo-appTests";
				PRODUCT_NAME = "$(TARGET_NAME)";
				SWIFT_EMIT_LOC_STRINGS = NO;
				SWIFT_VERSION = 5.0;
				TARGETED_DEVICE_FAMILY = "1,2";
				TEST_HOST = "$(BUILT_PRODUCTS_DIR)/todo-app.app/todo-app";
			};
			name = Release;
		};
		3F5A172D270C73D900098EE3 /* Debug */ = {
			isa = XCBuildConfiguration;
			buildSettings = {
				ALWAYS_EMBED_SWIFT_STANDARD_LIBRARIES = YES;
				CODE_SIGN_STYLE = Automatic;
				CURRENT_PROJECT_VERSION = 1;
				GENERATE_INFOPLIST_FILE = YES;
				LD_RUNPATH_SEARCH_PATHS = (
					"$(inherited)",
					"@executable_path/Frameworks",
					"@loader_path/Frameworks",
				);
				MARKETING_VERSION = 1.0;
				PRODUCT_BUNDLE_IDENTIFIER = "mobile.todo-appUITests";
				PRODUCT_NAME = "$(TARGET_NAME)";
				SWIFT_EMIT_LOC_STRINGS = NO;
				SWIFT_VERSION = 5.0;
				TARGETED_DEVICE_FAMILY = "1,2";
				TEST_TARGET_NAME = "todo-app";
			};
			name = Debug;
		};
		3F5A172E270C73D900098EE3 /* Release */ = {
			isa = XCBuildConfiguration;
			buildSettings = {
				ALWAYS_EMBED_SWIFT_STANDARD_LIBRARIES = YES;
				CODE_SIGN_STYLE = Automatic;
				CURRENT_PROJECT_VERSION = 1;
				GENERATE_INFOPLIST_FILE = YES;
				LD_RUNPATH_SEARCH_PATHS = (
					"$(inherited)",
					"@executable_path/Frameworks",
					"@loader_path/Frameworks",
				);
				MARKETING_VERSION = 1.0;
				PRODUCT_BUNDLE_IDENTIFIER = "mobile.todo-appUITests";
				PRODUCT_NAME = "$(TARGET_NAME)";
				SWIFT_EMIT_LOC_STRINGS = NO;
				SWIFT_VERSION = 5.0;
				TARGETED_DEVICE_FAMILY = "1,2";
				TEST_TARGET_NAME = "todo-app";
			};
			name = Release;
		};
/* End XCBuildConfiguration section */

/* Begin XCConfigurationList section */
		3F5A16F7270C73D000098EE3 /* Build configuration list for PBXProject "todo-app" */ = {
			isa = XCConfigurationList;
			buildConfigurations = (
				3F5A1724270C73D900098EE3 /* Debug */,
				3F5A1725270C73D900098EE3 /* Release */,
			);
			defaultConfigurationIsVisible = 0;
			defaultConfigurationName = Release;
		};
		3F5A1726270C73D900098EE3 /* Build configuration list for PBXNativeTarget "todo-app" */ = {
			isa = XCConfigurationList;
			buildConfigurations = (
				3F5A1727270C73D900098EE3 /* Debug */,
				3F5A1728270C73D900098EE3 /* Release */,
			);
			defaultConfigurationIsVisible = 0;
			defaultConfigurationName = Release;
		};
		3F5A1729270C73D900098EE3 /* Build configuration list for PBXNativeTarget "todo-appTests" */ = {
			isa = XCConfigurationList;
			buildConfigurations = (
				3F5A172A270C73D900098EE3 /* Debug */,
				3F5A172B270C73D900098EE3 /* Release */,
			);
			defaultConfigurationIsVisible = 0;
			defaultConfigurationName = Release;
		};
		3F5A172C270C73D900098EE3 /* Build configuration list for PBXNativeTarget "todo-appUITests" */ = {
			isa = XCConfigurationList;
			buildConfigurations = (
				3F5A172D270C73D900098EE3 /* Debug */,
				3F5A172E270C73D900098EE3 /* Release */,
			);
			defaultConfigurationIsVisible = 0;
			defaultConfigurationName = Release;
		};
/* End XCConfigurationList section */
	};
	rootObject = 3F5A16F4270C73D000098EE3 /* Project object */;
}
